
Microsoft Visual Studio Solution File, Format Version 12.00
# Visual Studio Version 17
VisualStudioVersion = 17.12.35506.116 d17.12
MinimumVisualStudioVersion = 10.0.40219.1
Project("{FAE04EC0-301F-11D3-BF4B-00C04F79EFBC}") = "TestWebProject.Web.Api", "TestWebProject.Web\TestWebProject.Web.Api\TestWebProject.Web.Api.csproj", "{03A030C2-400C-4426-BABB-EECC83D28EED}"
EndProject
Project("{FAE04EC0-301F-11D3-BF4B-00C04F79EFBC}") = "TestWebProject.Web.Api.Tests", "TestWebProject.Web\TestWebProject.Web.Api.Tests\TestWebProject.Web.Api.Tests.csproj", "{14EE3BB7-0DA9-46C2-B385-33E7D0E489BD}"
EndProject
Global
	GlobalSection(SolutionConfigurationPlatforms) = preSolution
		Debug|Any CPU = Debug|Any CPU
		Release|Any CPU = Release|Any CPU
	EndGlobalSection
	GlobalSection(ProjectConfigurationPlatforms) = postSolution
		{03A030C2-400C-4426-BABB-EECC83D28EED}.Debug|Any CPU.ActiveCfg = Debug|Any CPU
		{03A030C2-400C-4426-BABB-EECC83D28EED}.Debug|Any CPU.Build.0 = Debug|Any CPU
		{03A030C2-400C-4426-BABB-EECC83D28EED}.Release|Any CPU.ActiveCfg = Release|Any CPU
		{03A030C2-400C-4426-BABB-EECC83D28EED}.Release|Any CPU.Build.0 = Release|Any CPU
		{14EE3BB7-0DA9-46C2-B385-33E7D0E489BD}.Debug|Any CPU.ActiveCfg = Debug|Any CPU
		{14EE3BB7-0DA9-46C2-B385-33E7D0E489BD}.Debug|Any CPU.Build.0 = Debug|Any CPU
		{14EE3BB7-0DA9-46C2-B385-33E7D0E489BD}.Release|Any CPU.ActiveCfg = Release|Any CPU
		{14EE3BB7-0DA9-46C2-B385-33E7D0E489BD}.Release|Any CPU.Build.0 = Release|Any CPU
	EndGlobalSection
	GlobalSection(SolutionProperties) = preSolution
		HideSolutionNode = FALSE
	EndGlobalSection
EndGlobal
